
Microsoft Visual Studio Solution File, Format Version 12.00
# Visual Studio Version 17
VisualStudioVersion = 17.5.002.0
MinimumVisualStudioVersion = 10.0.40219.1
Project("{9A19103F-16F7-4668-BE54-9A1E7A4F7556}") = "idle", "idle.csproj", "{8EA14991-4D06-4D92-BF69-F706FC67FD02}"
EndProject
Global
	GlobalSection(SolutionConfigurationPlatforms) = preSolution
		Debug|Any CPU = Debug|Any CPU
		Release|Any CPU = Release|Any CPU
	EndGlobalSection
	GlobalSection(ProjectConfigurationPlatforms) = postSolution
		{8EA14991-4D06-4D92-BF69-F706FC67FD02}.Debug|Any CPU.ActiveCfg = Debug|Any CPU
		{8EA14991-4D06-4D92-BF69-F706FC67FD02}.Debug|Any CPU.Build.0 = Debug|Any CPU
		{8EA14991-4D06-4D92-BF69-F706FC67FD02}.Release|Any CPU.ActiveCfg = Release|Any CPU
		{8EA14991-4D06-4D92-BF69-F706FC67FD02}.Release|Any CPU.Build.0 = Release|Any CPU
	EndGlobalSection
	GlobalSection(SolutionProperties) = preSolution
		HideSolutionNode = FALSE
	EndGlobalSection
	GlobalSection(ExtensibilityGlobals) = postSolution
		SolutionGuid = {9AAF95D5-EB63-4EA6-81BF-DE8899B403F9}
	EndGlobalSection
EndGlobal
